
Microsoft Visual Studio Solution File, Format Version 12.00
# Visual Studio Version 17
VisualStudioVersion = 17.7.34031.279
MinimumVisualStudioVersion = 10.0.40219.1
Project("{F184B08F-C81C-45F6-A57F-5ABD9991F28F}") = "it2bCastro", "it2bCastro.vbproj", "{0E9AFCEC-8CB1-4DAA-A897-ECAD06911D2B}"
EndProject
Global
	GlobalSection(SolutionConfigurationPlatforms) = preSolution
		Debug|Any CPU = Debug|Any CPU
		Release|Any CPU = Release|Any CPU
	EndGlobalSection
	GlobalSection(ProjectConfigurationPlatforms) = postSolution
		{0E9AFCEC-8CB1-4DAA-A897-ECAD06911D2B}.Debug|Any CPU.ActiveCfg = Debug|Any CPU
		{0E9AFCEC-8CB1-4DAA-A897-ECAD06911D2B}.Debug|Any CPU.Build.0 = Debug|Any CPU
		{0E9AFCEC-8CB1-4DAA-A897-ECAD06911D2B}.Release|Any CPU.ActiveCfg = Release|Any CPU
		{0E9AFCEC-8CB1-4DAA-A897-ECAD06911D2B}.Release|Any CPU.Build.0 = Release|Any CPU
	EndGlobalSection
	GlobalSection(SolutionProperties) = preSolution
		HideSolutionNode = FALSE
	EndGlobalSection
	GlobalSection(ExtensibilityGlobals) = postSolution
		SolutionGuid = {B3873F71-692F-4DB9-9D37-C61F0AF7248A}
	EndGlobalSection
EndGlobal
